
Microsoft Visual Studio Solution File, Format Version 12.00
# Visual Studio Version 17
VisualStudioVersion = 17.11.35327.3
MinimumVisualStudioVersion = 10.0.40219.1
Project("{FAE04EC0-301F-11D3-BF4B-00C04F79EFBC}") = "apiKey", "apiKey\apiKey.csproj", "{3C755021-B8D9-4A93-B3E5-471F16BB1D95}"
EndProject
Global
	GlobalSection(SolutionConfigurationPlatforms) = preSolution
		Debug|Any CPU = Debug|Any CPU
		Release|Any CPU = Release|Any CPU
	EndGlobalSection
	GlobalSection(ProjectConfigurationPlatforms) = postSolution
		{3C755021-B8D9-4A93-B3E5-471F16BB1D95}.Debug|Any CPU.ActiveCfg = Debug|Any CPU
		{3C755021-B8D9-4A93-B3E5-471F16BB1D95}.Debug|Any CPU.Build.0 = Debug|Any CPU
		{3C755021-B8D9-4A93-B3E5-471F16BB1D95}.Release|Any CPU.ActiveCfg = Release|Any CPU
		{3C755021-B8D9-4A93-B3E5-471F16BB1D95}.Release|Any CPU.Build.0 = Release|Any CPU
	EndGlobalSection
	GlobalSection(SolutionProperties) = preSolution
		HideSolutionNode = FALSE
	EndGlobalSection
	GlobalSection(ExtensibilityGlobals) = postSolution
		SolutionGuid = {87691A1B-5CE2-4CB6-9987-91CEAA1F3128}
	EndGlobalSection
EndGlobal
